
Microsoft Visual Studio Solution File, Format Version 12.00
# Visual Studio Version 17
VisualStudioVersion = 17.13.35931.197 d17.13
MinimumVisualStudioVersion = 10.0.40219.1
Project("{FAE04EC0-301F-11D3-BF4B-00C04F79EFBC}") = "UIFuneraria", "UIFuneraria.csproj", "{57B58B50-04CB-48F3-897C-652499FC4D0F}"
EndProject
Global
	GlobalSection(SolutionConfigurationPlatforms) = preSolution
		Debug|Any CPU = Debug|Any CPU
		Release|Any CPU = Release|Any CPU
	EndGlobalSection
	GlobalSection(ProjectConfigurationPlatforms) = postSolution
		{57B58B50-04CB-48F3-897C-652499FC4D0F}.Debug|Any CPU.ActiveCfg = Debug|Any CPU
		{57B58B50-04CB-48F3-897C-652499FC4D0F}.Debug|Any CPU.Build.0 = Debug|Any CPU
		{57B58B50-04CB-48F3-897C-652499FC4D0F}.Release|Any CPU.ActiveCfg = Release|Any CPU
		{57B58B50-04CB-48F3-897C-652499FC4D0F}.Release|Any CPU.Build.0 = Release|Any CPU
	EndGlobalSection
	GlobalSection(SolutionProperties) = preSolution
		HideSolutionNode = FALSE
	EndGlobalSection
	GlobalSection(ExtensibilityGlobals) = postSolution
		SolutionGuid = {257665B9-9FC7-409C-B1A6-AF8703F564E1}
	EndGlobalSection
EndGlobal
